
Microsoft Visual Studio Solution File, Format Version 12.00
# Visual Studio Version 16
VisualStudioVersion = 16.0.32802.440
MinimumVisualStudioVersion = 10.0.40219.1
Project("{8BC9CEB8-8B4A-11D0-8D11-00A0C91BC942}") = "cat", "cat\cat.vcxproj", "{1BD21396-65B8-4BED-845E-AC353A840297}"
EndProject
Project("{8BC9CEB8-8B4A-11D0-8D11-00A0C91BC942}") = "utils", "utils\utils.vcxproj", "{B5CC1DB6-78FA-4412-B0E2-183EC04A60C0}"
EndProject
Project("{8BC9CEB8-8B4A-11D0-8D11-00A0C91BC942}") = "cp", "cp\cp.vcxproj", "{9A70C253-C114-4926-8A18-5787A28B32FB}"
EndProject
Project("{8BC9CEB8-8B4A-11D0-8D11-00A0C91BC942}") = "cci", "cci\cci.vcxproj", "{5A2BD967-2C6E-4630-A9DF-26D0E0BE8362}"
EndProject
Project("{8BC9CEB8-8B4A-11D0-8D11-00A0C91BC942}") = "cd", "cd\cd.vcxproj", "{A24E8332-75FB-4B77-B8AC-AC5F53815C6B}"
EndProject
Project("{8BC9CEB8-8B4A-11D0-8D11-00A0C91BC942}") = "pwd", "pwd\pwd.vcxproj", "{8B9819C3-C348-4F09-B0EF-6EDFE343EBBE}"
EndProject
Project("{8BC9CEB8-8B4A-11D0-8D11-00A0C91BC942}") = "lsW", "lsW\lsW.vcxproj", "{57006284-2920-4547-9920-20519032E8C4}"
EndProject
Project("{8BC9CEB8-8B4A-11D0-8D11-00A0C91BC942}") = "LsREG", "LsREG\LsREG.vcxproj", "{33D7A048-1DC9-4BCA-B08E-BCA42F709933}"
EndProject
Project("{8BC9CEB8-8B4A-11D0-8D11-00A0C91BC942}") = "tail", "tail\tail.vcxproj", "{88598733-88C1-496A-80C5-9E05FDBE7E0D}"
EndProject
Project("{8BC9CEB8-8B4A-11D0-8D11-00A0C91BC942}") = "touch", "touch\touch.vcxproj", "{763E7C6A-E78A-4686-AF71-8C6A239E8DA0}"
EndProject
Project("{8BC9CEB8-8B4A-11D0-8D11-00A0C91BC942}") = "RecordAccess", "RecordAccess\RecordAccess.vcxproj", "{9651B884-D833-4C98-9819-CC50CA429899}"
EndProject
Project("{8BC9CEB8-8B4A-11D0-8D11-00A0C91BC942}") = "RecordAccessMM", "RecordAccessMM\RecordAccessMM.vcxproj", "{D99AAB1B-42FD-4189-877B-A5076D705DF3}"
EndProject
Global
	GlobalSection(SolutionConfigurationPlatforms) = preSolution
		Debug|x64 = Debug|x64
		Debug|x86 = Debug|x86
		Release|x64 = Release|x64
		Release|x86 = Release|x86
	EndGlobalSection
	GlobalSection(ProjectConfigurationPlatforms) = postSolution
		{1BD21396-65B8-4BED-845E-AC353A840297}.Debug|x64.ActiveCfg = Debug|x64
		{1BD21396-65B8-4BED-845E-AC353A840297}.Debug|x64.Build.0 = Debug|x64
		{1BD21396-65B8-4BED-845E-AC353A840297}.Debug|x86.ActiveCfg = Debug|Win32
		{1BD21396-65B8-4BED-845E-AC353A840297}.Debug|x86.Build.0 = Debug|Win32
		{1BD21396-65B8-4BED-845E-AC353A840297}.Release|x64.ActiveCfg = Release|x64
		{1BD21396-65B8-4BED-845E-AC353A840297}.Release|x64.Build.0 = Release|x64
		{1BD21396-65B8-4BED-845E-AC353A840297}.Release|x86.ActiveCfg = Release|Win32
		{1BD21396-65B8-4BED-845E-AC353A840297}.Release|x86.Build.0 = Release|Win32
		{B5CC1DB6-78FA-4412-B0E2-183EC04A60C0}.Debug|x64.ActiveCfg = Debug|x64
		{B5CC1DB6-78FA-4412-B0E2-183EC04A60C0}.Debug|x64.Build.0 = Debug|x64
		{B5CC1DB6-78FA-4412-B0E2-183EC04A60C0}.Debug|x86.ActiveCfg = Debug|Win32
		{B5CC1DB6-78FA-4412-B0E2-183EC04A60C0}.Debug|x86.Build.0 = Debug|Win32
		{B5CC1DB6-78FA-4412-B0E2-183EC04A60C0}.Release|x64.ActiveCfg = Release|x64
		{B5CC1DB6-78FA-4412-B0E2-183EC04A60C0}.Release|x64.Build.0 = Release|x64
		{B5CC1DB6-78FA-4412-B0E2-183EC04A60C0}.Release|x86.ActiveCfg = Release|Win32
		{B5CC1DB6-78FA-4412-B0E2-183EC04A60C0}.Release|x86.Build.0 = Release|Win32
		{9A70C253-C114-4926-8A18-5787A28B32FB}.Debug|x64.ActiveCfg = Debug|x64
		{9A70C253-C114-4926-8A18-5787A28B32FB}.Debug|x64.Build.0 = Debug|x64
		{9A70C253-C114-4926-8A18-5787A28B32FB}.Debug|x86.ActiveCfg = Debug|Win32
		{9A70C253-C114-4926-8A18-5787A28B32FB}.Debug|x86.Build.0 = Debug|Win32
		{9A70C253-C114-4926-8A18-5787A28B32FB}.Release|x64.ActiveCfg = Release|x64
		{9A70C253-C114-4926-8A18-5787A28B32FB}.Release|x64.Build.0 = Release|x64
		{9A70C253-C114-4926-8A18-5787A28B32FB}.Release|x86.ActiveCfg = Release|Win32
		{9A70C253-C114-4926-8A18-5787A28B32FB}.Release|x86.Build.0 = Release|Win32
		{5A2BD967-2C6E-4630-A9DF-26D0E0BE8362}.Debug|x64.ActiveCfg = Debug|x64
		{5A2BD967-2C6E-4630-A9DF-26D0E0BE8362}.Debug|x64.Build.0 = Debug|x64
		{5A2BD967-2C6E-4630-A9DF-26D0E0BE8362}.Debug|x86.ActiveCfg = Debug|Win32
		{5A2BD967-2C6E-4630-A9DF-26D0E0BE8362}.Debug|x86.Build.0 = Debug|Win32
		{5A2BD967-2C6E-4630-A9DF-26D0E0BE8362}.Release|x64.ActiveCfg = Release|x64
		{5A2BD967-2C6E-4630-A9DF-26D0E0BE8362}.Release|x64.Build.0 = Release|x64
		{5A2BD967-2C6E-4630-A9DF-26D0E0BE8362}.Release|x86.ActiveCfg = Release|Win32
		{5A2BD967-2C6E-4630-A9DF-26D0E0BE8362}.Release|x86.Build.0 = Release|Win32
		{A24E8332-75FB-4B77-B8AC-AC5F53815C6B}.Debug|x64.ActiveCfg = Debug|x64
		{A24E8332-75FB-4B77-B8AC-AC5F53815C6B}.Debug|x64.Build.0 = Debug|x64
		{A24E8332-75FB-4B77-B8AC-AC5F53815C6B}.Debug|x86.ActiveCfg = Debug|Win32
		{A24E8332-75FB-4B77-B8AC-AC5F53815C6B}.Debug|x86.Build.0 = Debug|Win32
		{A24E8332-75FB-4B77-B8AC-AC5F53815C6B}.Release|x64.ActiveCfg = Release|x64
		{A24E8332-75FB-4B77-B8AC-AC5F53815C6B}.Release|x64.Build.0 = Release|x64
		{A24E8332-75FB-4B77-B8AC-AC5F53815C6B}.Release|x86.ActiveCfg = Release|Win32
		{A24E8332-75FB-4B77-B8AC-AC5F53815C6B}.Release|x86.Build.0 = Release|Win32
		{8B9819C3-C348-4F09-B0EF-6EDFE343EBBE}.Debug|x64.ActiveCfg = Debug|x64
		{8B9819C3-C348-4F09-B0EF-6EDFE343EBBE}.Debug|x64.Build.0 = Debug|x64
		{8B9819C3-C348-4F09-B0EF-6EDFE343EBBE}.Debug|x86.ActiveCfg = Debug|Win32
		{8B9819C3-C348-4F09-B0EF-6EDFE343EBBE}.Debug|x86.Build.0 = Debug|Win32
		{8B9819C3-C348-4F09-B0EF-6EDFE343EBBE}.Release|x64.ActiveCfg = Release|x64
		{8B9819C3-C348-4F09-B0EF-6EDFE343EBBE}.Release|x64.Build.0 = Release|x64
		{8B9819C3-C348-4F09-B0EF-6EDFE343EBBE}.Release|x86.ActiveCfg = Release|Win32
		{8B9819C3-C348-4F09-B0EF-6EDFE343EBBE}.Release|x86.Build.0 = Release|Win32
		{57006284-2920-4547-9920-20519032E8C4}.Debug|x64.ActiveCfg = Debug|x64
		{57006284-2920-4547-9920-20519032E8C4}.Debug|x64.Build.0 = Debug|x64
		{57006284-2920-4547-9920-20519032E8C4}.Debug|x86.ActiveCfg = Debug|Win32
		{57006284-2920-4547-9920-20519032E8C4}.Debug|x86.Build.0 = Debug|Win32
		{57006284-2920-4547-9920-20519032E8C4}.Release|x64.ActiveCfg = Release|x64
		{57006284-2920-4547-9920-20519032E8C4}.Release|x64.Build.0 = Release|x64
		{57006284-2920-4547-9920-20519032E8C4}.Release|x86.ActiveCfg = Release|Win32
		{57006284-2920-4547-9920-20519032E8C4}.Release|x86.Build.0 = Release|Win32
		{33D7A048-1DC9-4BCA-B08E-BCA42F709933}.Debug|x64.ActiveCfg = Debug|x64
		{33D7A048-1DC9-4BCA-B08E-BCA42F709933}.Debug|x64.Build.0 = Debug|x64
		{33D7A048-1DC9-4BCA-B08E-BCA42F709933}.Debug|x86.ActiveCfg = Debug|Win32
		{33D7A048-1DC9-4BCA-B08E-BCA42F709933}.Debug|x86.Build.0 = Debug|Win32
		{33D7A048-1DC9-4BCA-B08E-BCA42F709933}.Release|x64.ActiveCfg = Release|x64
		{33D7A048-1DC9-4BCA-B08E-BCA42F709933}.Release|x64.Build.0 = Release|x64
		{33D7A048-1DC9-4BCA-B08E-BCA42F709933}.Release|x86.ActiveCfg = Release|Win32
		{33D7A048-1DC9-4BCA-B08E-BCA42F709933}.Release|x86.Build.0 = Release|Win32
		{88598733-88C1-496A-80C5-9E05FDBE7E0D}.Debug|x64.ActiveCfg = Debug|x64
		{88598733-88C1-496A-80C5-9E05FDBE7E0D}.Debug|x64.Build.0 = Debug|x64
		{88598733-88C1-496A-80C5-9E05FDBE7E0D}.Debug|x86.ActiveCfg = Debug|Win32
		{88598733-88C1-496A-80C5-9E05FDBE7E0D}.Debug|x86.Build.0 = Debug|Win32
		{88598733-88C1-496A-80C5-9E05FDBE7E0D}.Release|x64.ActiveCfg = Release|x64
		{88598733-88C1-496A-80C5-9E05FDBE7E0D}.Release|x64.Build.0 = Release|x64
		{88598733-88C1-496A-80C5-9E05FDBE7E0D}.Release|x86.ActiveCfg = Release|Win32
		{88598733-88C1-496A-80C5-9E05FDBE7E0D}.Release|x86.Build.0 = Release|Win32
		{763E7C6A-E78A-4686-AF71-8C6A239E8DA0}.Debug|x64.ActiveCfg = Debug|x64
		{763E7C6A-E78A-4686-AF71-8C6A239E8DA0}.Debug|x64.Build.0 = Debug|x64
		{763E7C6A-E78A-4686-AF71-8C6A239E8DA0}.Debug|x86.ActiveCfg = Debug|Win32
		{763E7C6A-E78A-4686-AF71-8C6A239E8DA0}.Debug|x86.Build.0 = Debug|Win32
		{763E7C6A-E78A-4686-AF71-8C6A239E8DA0}.Release|x64.ActiveCfg = Release|x64
		{763E7C6A-E78A-4686-AF71-8C6A239E8DA0}.Release|x64.Build.0 = Release|x64
		{763E7C6A-E78A-4686-AF71-8C6A239E8DA0}.Release|x86.ActiveCfg = Release|Win32
		{763E7C6A-E78A-4686-AF71-8C6A239E8DA0}.Release|x86.Build.0 = Release|Win32
		{9651B884-D833-4C98-9819-CC50CA429899}.Debug|x64.ActiveCfg = Debug|x64
		{9651B884-D833-4C98-9819-CC50CA429899}.Debug|x64.Build.0 = Debug|x64
		{9651B884-D833-4C98-9819-CC50CA429899}.Debug|x86.ActiveCfg = Debug|Win32
		{9651B884-D833-4C98-9819-CC50CA429899}.Debug|x86.Build.0 = Debug|Win32
		{9651B884-D833-4C98-9819-CC50CA429899}.Release|x64.ActiveCfg = Release|x64
		{9651B884-D833-4C98-9819-CC50CA429899}.Release|x64.Build.0 = Release|x64
		{9651B884-D833-4C98-9819-CC50CA429899}.Release|x86.ActiveCfg = Release|Win32
		{9651B884-D833-4C98-9819-CC50CA429899}.Release|x86.Build.0 = Release|Win32
		{D99AAB1B-42FD-4189-877B-A5076D705DF3}.Debug|x64.ActiveCfg = Debug|x64
		{D99AAB1B-42FD-4189-877B-A5076D705DF3}.Debug|x64.Build.0 = Debug|x64
		{D99AAB1B-42FD-4189-877B-A5076D705DF3}.Debug|x86.ActiveCfg = Debug|Win32
		{D99AAB1B-42FD-4189-877B-A5076D705DF3}.Debug|x86.Build.0 = Debug|Win32
		{D99AAB1B-42FD-4189-877B-A5076D705DF3}.Release|x64.ActiveCfg = Release|x64
		{D99AAB1B-42FD-4189-877B-A5076D705DF3}.Release|x64.Build.0 = Release|x64
		{D99AAB1B-42FD-4189-877B-A5076D705DF3}.Release|x86.ActiveCfg = Release|Win32
		{D99AAB1B-42FD-4189-877B-A5076D705DF3}.Release|x86.Build.0 = Release|Win32
	EndGlobalSection
	GlobalSection(SolutionProperties) = preSolution
		HideSolutionNode = FALSE
	EndGlobalSection
	GlobalSection(ExtensibilityGlobals) = postSolution
		SolutionGuid = {CCCD6A19-699C-4CBC-8135-B1E405EDF77F}
	EndGlobalSection
EndGlobal
